
Microsoft Visual Studio Solution File, Format Version 12.00
# Visual Studio Version 17
VisualStudioVersion = 17.5.33516.290
MinimumVisualStudioVersion = 10.0.40219.1
Project("{FAE04EC0-301F-11D3-BF4B-00C04F79EFBC}") = "WpfApp1", "WpfApp1\WpfApp1.csproj", "{5F35A9F2-91C9-4D7F-A94F-9D0EAFD5F5B2}"
EndProject
Global
	GlobalSection(SolutionConfigurationPlatforms) = preSolution
		Debug|Any CPU = Debug|Any CPU
		Release|Any CPU = Release|Any CPU
	EndGlobalSection
	GlobalSection(ProjectConfigurationPlatforms) = postSolution
		{5F35A9F2-91C9-4D7F-A94F-9D0EAFD5F5B2}.Debug|Any CPU.ActiveCfg = Debug|Any CPU
		{5F35A9F2-91C9-4D7F-A94F-9D0EAFD5F5B2}.Debug|Any CPU.Build.0 = Debug|Any CPU
		{5F35A9F2-91C9-4D7F-A94F-9D0EAFD5F5B2}.Release|Any CPU.ActiveCfg = Release|Any CPU
		{5F35A9F2-91C9-4D7F-A94F-9D0EAFD5F5B2}.Release|Any CPU.Build.0 = Release|Any CPU
	EndGlobalSection
	GlobalSection(SolutionProperties) = preSolution
		HideSolutionNode = FALSE
	EndGlobalSection
	GlobalSection(ExtensibilityGlobals) = postSolution
		SolutionGuid = {C815C505-C5C6-4C8F-A092-CE326E15F6BA}
	EndGlobalSection
EndGlobal
